// !$*UTF8*$!
{
	archiveVersion = 1;
	classes = {
	};
	objectVersion = 55;
	objects = {

/* Begin PBXBuildFile section */
		9687D94428322D9200FCA89C /* AppDelegate.m in Sources */ = {isa = PBXBuildFile; fileRef = 9687D94328322D9200FCA89C /* AppDelegate.m */; };
		9687D94728322D9200FCA89C /* ViewController.m in Sources */ = {isa = PBXBuildFile; fileRef = 9687D94628322D9200FCA89C /* ViewController.m */; };
		9687D94928322D9300FCA89C /* Assets.xcassets in Resources */ = {isa = PBXBuildFile; fileRef = 9687D94828322D9300FCA89C /* Assets.xcassets */; };
		9687D94C28322D9300FCA89C /* Main.storyboard in Resources */ = {isa = PBXBuildFile; fileRef = 9687D94A28322D9300FCA89C /* Main.storyboard */; };
		9687D94E28322D9300FCA89C /* main.m in Sources */ = {isa = PBXBuildFile; fileRef = 9687D94D28322D9300FCA89C /* main.m */; };
		9687D9572832362400FCA89C /* MetalCplus.mm in Sources */ = {isa = PBXBuildFile; fileRef = 9687D9562832362400FCA89C /* MetalCplus.mm */; };
		9687D9B02832363600FCA89C /* README.md in Resources */ = {isa = PBXBuildFile; fileRef = 9687D9A72832363600FCA89C /* README.md */; };
		9687D9B12832363600FCA89C /* LICENSE.txt in Resources */ = {isa = PBXBuildFile; fileRef = 9687D9AD2832363600FCA89C /* LICENSE.txt */; };
		9687D9B22832363600FCA89C /* MakeSingleHeader.py in Resources */ = {isa = PBXBuildFile; fileRef = 9687D9AF2832363600FCA89C /* MakeSingleHeader.py */; };
		9687D9B7283236C800FCA89C /* QuartzCore.framework in Frameworks */ = {isa = PBXBuildFile; fileRef = 9687D9B6283236C800FCA89C /* QuartzCore.framework */; };
		9687D9B9283236D200FCA89C /* Metal.framework in Frameworks */ = {isa = PBXBuildFile; fileRef = 9687D9B8283236D200FCA89C /* Metal.framework */; };
		9687D9BA283236F800FCA89C /* Foundation.framework in Frameworks */ = {isa = PBXBuildFile; fileRef = 9687D9B4283236AE00FCA89C /* Foundation.framework */; };
		9687D9BD2832371900FCA89C /* MetalMain.cpp in Sources */ = {isa = PBXBuildFile; fileRef = 9687D9BB2832371900FCA89C /* MetalMain.cpp */; };
		9687D9C028323A0500FCA89C /* BasicFilter.cpp in Sources */ = {isa = PBXBuildFile; fileRef = 9687D9BE28323A0500FCA89C /* BasicFilter.cpp */; };
/* End PBXBuildFile section */

/* Begin PBXFileReference section */
		9687D93F28322D9200FCA89C /* CGMetalC.app */ = {isa = PBXFileReference; explicitFileType = wrapper.application; includeInIndex = 0; path = CGMetalC.app; sourceTree = BUILT_PRODUCTS_DIR; };
		9687D94228322D9200FCA89C /* AppDelegate.h */ = {isa = PBXFileReference; lastKnownFileType = sourcecode.c.h; path = AppDelegate.h; sourceTree = "<group>"; };
		9687D94328322D9200FCA89C /* AppDelegate.m */ = {isa = PBXFileReference; lastKnownFileType = sourcecode.c.objc; path = AppDelegate.m; sourceTree = "<group>"; };
		9687D94528322D9200FCA89C /* ViewController.h */ = {isa = PBXFileReference; lastKnownFileType = sourcecode.c.h; path = ViewController.h; sourceTree = "<group>"; };
		9687D94628322D9200FCA89C /* ViewController.m */ = {isa = PBXFileReference; lastKnownFileType = sourcecode.c.objc; path = ViewController.m; sourceTree = "<group>"; };
		9687D94828322D9300FCA89C /* Assets.xcassets */ = {isa = PBXFileReference; lastKnownFileType = folder.assetcatalog; path = Assets.xcassets; sourceTree = "<group>"; };
		9687D94B28322D9300FCA89C /* Base */ = {isa = PBXFileReference; lastKnownFileType = file.storyboard; name = Base; path = Base.lproj/Main.storyboard; sourceTree = "<group>"; };
		9687D94D28322D9300FCA89C /* main.m */ = {isa = PBXFileReference; lastKnownFileType = sourcecode.c.objc; path = main.m; sourceTree = "<group>"; };
		9687D94F28322D9300FCA89C /* CGMetalC.entitlements */ = {isa = PBXFileReference; lastKnownFileType = text.plist.entitlements; path = CGMetalC.entitlements; sourceTree = "<group>"; };
		9687D9552832362400FCA89C /* MetalCplus.h */ = {isa = PBXFileReference; lastKnownFileType = sourcecode.c.h; path = MetalCplus.h; sourceTree = "<group>"; };
		9687D9562832362400FCA89C /* MetalCplus.mm */ = {isa = PBXFileReference; lastKnownFileType = sourcecode.cpp.objcpp; path = MetalCplus.mm; sourceTree = "<group>"; };
		9687D95A2832363600FCA89C /* MTLTypes.hpp */ = {isa = PBXFileReference; fileEncoding = 4; lastKnownFileType = sourcecode.cpp.h; path = MTLTypes.hpp; sourceTree = "<group>"; };
		9687D95B2832363600FCA89C /* MTLResourceStateCommandEncoder.hpp */ = {isa = PBXFileReference; fileEncoding = 4; lastKnownFileType = sourcecode.cpp.h; path = MTLResourceStateCommandEncoder.hpp; sourceTree = "<group>"; };
		9687D95C2832363600FCA89C /* MTLIndirectCommandEncoder.hpp */ = {isa = PBXFileReference; fileEncoding = 4; lastKnownFileType = sourcecode.cpp.h; path = MTLIndirectCommandEncoder.hpp; sourceTree = "<group>"; };
		9687D95D2832363600FCA89C /* MTLComputePipeline.hpp */ = {isa = PBXFileReference; fileEncoding = 4; lastKnownFileType = sourcecode.cpp.h; path = MTLComputePipeline.hpp; sourceTree = "<group>"; };
		9687D95E2832363600FCA89C /* MTLFunctionHandle.hpp */ = {isa = PBXFileReference; fileEncoding = 4; lastKnownFileType = sourcecode.cpp.h; path = MTLFunctionHandle.hpp; sourceTree = "<group>"; };
		9687D95F2832363600FCA89C /* MTLDrawable.hpp */ = {isa = PBXFileReference; fileEncoding = 4; lastKnownFileType = sourcecode.cpp.h; path = MTLDrawable.hpp; sourceTree = "<group>"; };
		9687D9602832363600FCA89C /* MTLDynamicLibrary.hpp */ = {isa = PBXFileReference; fileEncoding = 4; lastKnownFileType = sourcecode.cpp.h; path = MTLDynamicLibrary.hpp; sourceTree = "<group>"; };
		9687D9612832363600FCA89C /* MTLComputePass.hpp */ = {isa = PBXFileReference; fileEncoding = 4; lastKnownFileType = sourcecode.cpp.h; path = MTLComputePass.hpp; sourceTree = "<group>"; };
		9687D9622832363600FCA89C /* MTLFunctionConstantValues.hpp */ = {isa = PBXFileReference; fileEncoding = 4; lastKnownFileType = sourcecode.cpp.h; path = MTLFunctionConstantValues.hpp; sourceTree = "<group>"; };
		9687D9632832363600FCA89C /* MTLPipeline.hpp */ = {isa = PBXFileReference; fileEncoding = 4; lastKnownFileType = sourcecode.cpp.h; path = MTLPipeline.hpp; sourceTree = "<group>"; };
		9687D9642832363600FCA89C /* MTLRenderCommandEncoder.hpp */ = {isa = PBXFileReference; fileEncoding = 4; lastKnownFileType = sourcecode.cpp.h; path = MTLRenderCommandEncoder.hpp; sourceTree = "<group>"; };
		9687D9652832363600FCA89C /* MTLBlitCommandEncoder.hpp */ = {isa = PBXFileReference; fileEncoding = 4; lastKnownFileType = sourcecode.cpp.h; path = MTLBlitCommandEncoder.hpp; sourceTree = "<group>"; };
		9687D9662832363600FCA89C /* MTLCaptureManager.hpp */ = {isa = PBXFileReference; fileEncoding = 4; lastKnownFileType = sourcecode.cpp.h; path = MTLCaptureManager.hpp; sourceTree = "<group>"; };
		9687D9672832363600FCA89C /* MTLCommandEncoder.hpp */ = {isa = PBXFileReference; fileEncoding = 4; lastKnownFileType = sourcecode.cpp.h; path = MTLCommandEncoder.hpp; sourceTree = "<group>"; };
		9687D9682832363600FCA89C /* Metal.hpp */ = {isa = PBXFileReference; fileEncoding = 4; lastKnownFileType = sourcecode.cpp.h; path = Metal.hpp; sourceTree = "<group>"; };
		9687D9692832363600FCA89C /* MTLStageInputOutputDescriptor.hpp */ = {isa = PBXFileReference; fileEncoding = 4; lastKnownFileType = sourcecode.cpp.h; path = MTLStageInputOutputDescriptor.hpp; sourceTree = "<group>"; };
		9687D96A2832363600FCA89C /* MTLAccelerationStructureTypes.hpp */ = {isa = PBXFileReference; fileEncoding = 4; lastKnownFileType = sourcecode.cpp.h; path = MTLAccelerationStructureTypes.hpp; sourceTree = "<group>"; };
		9687D96B2832363600FCA89C /* MTLParallelRenderCommandEncoder.hpp */ = {isa = PBXFileReference; fileEncoding = 4; lastKnownFileType = sourcecode.cpp.h; path = MTLParallelRenderCommandEncoder.hpp; sourceTree = "<group>"; };
		9687D96C2832363600FCA89C /* MTLRasterizationRate.hpp */ = {isa = PBXFileReference; fileEncoding = 4; lastKnownFileType = sourcecode.cpp.h; path = MTLRasterizationRate.hpp; sourceTree = "<group>"; };
		9687D96D2832363600FCA89C /* MTLLinkedFunctions.hpp */ = {isa = PBXFileReference; fileEncoding = 4; lastKnownFileType = sourcecode.cpp.h; path = MTLLinkedFunctions.hpp; sourceTree = "<group>"; };
		9687D96E2832363600FCA89C /* MTLTexture.hpp */ = {isa = PBXFileReference; fileEncoding = 4; lastKnownFileType = sourcecode.cpp.h; path = MTLTexture.hpp; sourceTree = "<group>"; };
		9687D96F2832363600FCA89C /* MTLSampler.hpp */ = {isa = PBXFileReference; fileEncoding = 4; lastKnownFileType = sourcecode.cpp.h; path = MTLSampler.hpp; sourceTree = "<group>"; };
		9687D9702832363600FCA89C /* MTLDepthStencil.hpp */ = {isa = PBXFileReference; fileEncoding = 4; lastKnownFileType = sourcecode.cpp.h; path = MTLDepthStencil.hpp; sourceTree = "<group>"; };
		9687D9712832363600FCA89C /* MTLArgumentEncoder.hpp */ = {isa = PBXFileReference; fileEncoding = 4; lastKnownFileType = sourcecode.cpp.h; path = MTLArgumentEncoder.hpp; sourceTree = "<group>"; };
		9687D9722832363600FCA89C /* MTLIntersectionFunctionTable.hpp */ = {isa = PBXFileReference; fileEncoding = 4; lastKnownFileType = sourcecode.cpp.h; path = MTLIntersectionFunctionTable.hpp; sourceTree = "<group>"; };
		9687D9732832363600FCA89C /* MTLVisibleFunctionTable.hpp */ = {isa = PBXFileReference; fileEncoding = 4; lastKnownFileType = sourcecode.cpp.h; path = MTLVisibleFunctionTable.hpp; sourceTree = "<group>"; };
		9687D9742832363600FCA89C /* MTLPrivate.hpp */ = {isa = PBXFileReference; fileEncoding = 4; lastKnownFileType = sourcecode.cpp.h; path = MTLPrivate.hpp; sourceTree = "<group>"; };
		9687D9752832363600FCA89C /* MTLResource.hpp */ = {isa = PBXFileReference; fileEncoding = 4; lastKnownFileType = sourcecode.cpp.h; path = MTLResource.hpp; sourceTree = "<group>"; };
		9687D9762832363600FCA89C /* MTLAccelerationStructure.hpp */ = {isa = PBXFileReference; fileEncoding = 4; lastKnownFileType = sourcecode.cpp.h; path = MTLAccelerationStructure.hpp; sourceTree = "<group>"; };
		9687D9772832363600FCA89C /* MTLDevice.hpp */ = {isa = PBXFileReference; fileEncoding = 4; lastKnownFileType = sourcecode.cpp.h; path = MTLDevice.hpp; sourceTree = "<group>"; };
		9687D9782832363600FCA89C /* MTLArgument.hpp */ = {isa = PBXFileReference; fileEncoding = 4; lastKnownFileType = sourcecode.cpp.h; path = MTLArgument.hpp; sourceTree = "<group>"; };
		9687D9792832363600FCA89C /* MTLFunctionLog.hpp */ = {isa = PBXFileReference; fileEncoding = 4; lastKnownFileType = sourcecode.cpp.h; path = MTLFunctionLog.hpp; sourceTree = "<group>"; };
		9687D97A2832363600FCA89C /* MTLBuffer.hpp */ = {isa = PBXFileReference; fileEncoding = 4; lastKnownFileType = sourcecode.cpp.h; path = MTLBuffer.hpp; sourceTree = "<group>"; };
		9687D97B2832363600FCA89C /* MTLRenderPass.hpp */ = {isa = PBXFileReference; fileEncoding = 4; lastKnownFileType = sourcecode.cpp.h; path = MTLRenderPass.hpp; sourceTree = "<group>"; };
		9687D97C2832363600FCA89C /* MTLHeap.hpp */ = {isa = PBXFileReference; fileEncoding = 4; lastKnownFileType = sourcecode.cpp.h; path = MTLHeap.hpp; sourceTree = "<group>"; };
		9687D97D2832363600FCA89C /* MTLVertexDescriptor.hpp */ = {isa = PBXFileReference; fileEncoding = 4; lastKnownFileType = sourcecode.cpp.h; path = MTLVertexDescriptor.hpp; sourceTree = "<group>"; };
		9687D97E2832363600FCA89C /* MTLFunctionStitching.hpp */ = {isa = PBXFileReference; fileEncoding = 4; lastKnownFileType = sourcecode.cpp.h; path = MTLFunctionStitching.hpp; sourceTree = "<group>"; };
		9687D97F2832363600FCA89C /* MTLLibrary.hpp */ = {isa = PBXFileReference; fileEncoding = 4; lastKnownFileType = sourcecode.cpp.h; path = MTLLibrary.hpp; sourceTree = "<group>"; };
		9687D9802832363600FCA89C /* MTLPixelFormat.hpp */ = {isa = PBXFileReference; fileEncoding = 4; lastKnownFileType = sourcecode.cpp.h; path = MTLPixelFormat.hpp; sourceTree = "<group>"; };
		9687D9812832363600FCA89C /* MTLFence.hpp */ = {isa = PBXFileReference; fileEncoding = 4; lastKnownFileType = sourcecode.cpp.h; path = MTLFence.hpp; sourceTree = "<group>"; };
		9687D9822832363600FCA89C /* MTLIndirectCommandBuffer.hpp */ = {isa = PBXFileReference; fileEncoding = 4; lastKnownFileType = sourcecode.cpp.h; path = MTLIndirectCommandBuffer.hpp; sourceTree = "<group>"; };
		9687D9832832363600FCA89C /* MTLRenderPipeline.hpp */ = {isa = PBXFileReference; fileEncoding = 4; lastKnownFileType = sourcecode.cpp.h; path = MTLRenderPipeline.hpp; sourceTree = "<group>"; };
		9687D9842832363600FCA89C /* MTLCommandQueue.hpp */ = {isa = PBXFileReference; fileEncoding = 4; lastKnownFileType = sourcecode.cpp.h; path = MTLCommandQueue.hpp; sourceTree = "<group>"; };
		9687D9852832363600FCA89C /* MTLFunctionDescriptor.hpp */ = {isa = PBXFileReference; fileEncoding = 4; lastKnownFileType = sourcecode.cpp.h; path = MTLFunctionDescriptor.hpp; sourceTree = "<group>"; };
		9687D9862832363600FCA89C /* MTLAccelerationStructureCommandEncoder.hpp */ = {isa = PBXFileReference; fileEncoding = 4; lastKnownFileType = sourcecode.cpp.h; path = MTLAccelerationStructureCommandEncoder.hpp; sourceTree = "<group>"; };
		9687D9872832363600FCA89C /* MTLBlitPass.hpp */ = {isa = PBXFileReference; fileEncoding = 4; lastKnownFileType = sourcecode.cpp.h; path = MTLBlitPass.hpp; sourceTree = "<group>"; };
		9687D9882832363600FCA89C /* MTLEvent.hpp */ = {isa = PBXFileReference; fileEncoding = 4; lastKnownFileType = sourcecode.cpp.h; path = MTLEvent.hpp; sourceTree = "<group>"; };
		9687D9892832363600FCA89C /* MTLBinaryArchive.hpp */ = {isa = PBXFileReference; fileEncoding = 4; lastKnownFileType = sourcecode.cpp.h; path = MTLBinaryArchive.hpp; sourceTree = "<group>"; };
		9687D98A2832363600FCA89C /* MTLCaptureScope.hpp */ = {isa = PBXFileReference; fileEncoding = 4; lastKnownFileType = sourcecode.cpp.h; path = MTLCaptureScope.hpp; sourceTree = "<group>"; };
		9687D98B2832363600FCA89C /* MTLComputeCommandEncoder.hpp */ = {isa = PBXFileReference; fileEncoding = 4; lastKnownFileType = sourcecode.cpp.h; path = MTLComputeCommandEncoder.hpp; sourceTree = "<group>"; };
		9687D98C2832363600FCA89C /* MTLHeaderBridge.hpp */ = {isa = PBXFileReference; fileEncoding = 4; lastKnownFileType = sourcecode.cpp.h; path = MTLHeaderBridge.hpp; sourceTree = "<group>"; };
		9687D98D2832363600FCA89C /* MTLCounters.hpp */ = {isa = PBXFileReference; fileEncoding = 4; lastKnownFileType = sourcecode.cpp.h; path = MTLCounters.hpp; sourceTree = "<group>"; };
		9687D98E2832363600FCA89C /* MTLDefines.hpp */ = {isa = PBXFileReference; fileEncoding = 4; lastKnownFileType = sourcecode.cpp.h; path = MTLDefines.hpp; sourceTree = "<group>"; };
		9687D98F2832363600FCA89C /* MTLResourceStatePass.hpp */ = {isa = PBXFileReference; fileEncoding = 4; lastKnownFileType = sourcecode.cpp.h; path = MTLResourceStatePass.hpp; sourceTree = "<group>"; };
		9687D9902832363600FCA89C /* MTLCommandBuffer.hpp */ = {isa = PBXFileReference; fileEncoding = 4; lastKnownFileType = sourcecode.cpp.h; path = MTLCommandBuffer.hpp; sourceTree = "<group>"; };
		9687D9922832363600FCA89C /* NSString.hpp */ = {isa = PBXFileReference; fileEncoding = 4; lastKnownFileType = sourcecode.cpp.h; path = NSString.hpp; sourceTree = "<group>"; };
		9687D9932832363600FCA89C /* NSDictionary.hpp */ = {isa = PBXFileReference; fileEncoding = 4; lastKnownFileType = sourcecode.cpp.h; path = NSDictionary.hpp; sourceTree = "<group>"; };
		9687D9942832363600FCA89C /* NSLock.hpp */ = {isa = PBXFileReference; fileEncoding = 4; lastKnownFileType = sourcecode.cpp.h; path = NSLock.hpp; sourceTree = "<group>"; };
		9687D9952832363600FCA89C /* NSProcessInfo.hpp */ = {isa = PBXFileReference; fileEncoding = 4; lastKnownFileType = sourcecode.cpp.h; path = NSProcessInfo.hpp; sourceTree = "<group>"; };
		9687D9962832363600FCA89C /* NSError.hpp */ = {isa = PBXFileReference; fileEncoding = 4; lastKnownFileType = sourcecode.cpp.h; path = NSError.hpp; sourceTree = "<group>"; };
		9687D9972832363600FCA89C /* NSObjCRuntime.hpp */ = {isa = PBXFileReference; fileEncoding = 4; lastKnownFileType = sourcecode.cpp.h; path = NSObjCRuntime.hpp; sourceTree = "<group>"; };
		9687D9982832363600FCA89C /* NSObject.hpp */ = {isa = PBXFileReference; fileEncoding = 4; lastKnownFileType = sourcecode.cpp.h; path = NSObject.hpp; sourceTree = "<group>"; };
		9687D9992832363600FCA89C /* NSNotification.hpp */ = {isa = PBXFileReference; fileEncoding = 4; lastKnownFileType = sourcecode.cpp.h; path = NSNotification.hpp; sourceTree = "<group>"; };
		9687D99A2832363600FCA89C /* NSPrivate.hpp */ = {isa = PBXFileReference; fileEncoding = 4; lastKnownFileType = sourcecode.cpp.h; path = NSPrivate.hpp; sourceTree = "<group>"; };
		9687D99B2832363600FCA89C /* NSURL.hpp */ = {isa = PBXFileReference; fileEncoding = 4; lastKnownFileType = sourcecode.cpp.h; path = NSURL.hpp; sourceTree = "<group>"; };
		9687D99C2832363600FCA89C /* NSAutoreleasePool.hpp */ = {isa = PBXFileReference; fileEncoding = 4; lastKnownFileType = sourcecode.cpp.h; path = NSAutoreleasePool.hpp; sourceTree = "<group>"; };
		9687D99D2832363600FCA89C /* NSRange.hpp */ = {isa = PBXFileReference; fileEncoding = 4; lastKnownFileType = sourcecode.cpp.h; path = NSRange.hpp; sourceTree = "<group>"; };
		9687D99E2832363600FCA89C /* NSTypes.hpp */ = {isa = PBXFileReference; fileEncoding = 4; lastKnownFileType = sourcecode.cpp.h; path = NSTypes.hpp; sourceTree = "<group>"; };
		9687D99F2832363600FCA89C /* NSData.hpp */ = {isa = PBXFileReference; fileEncoding = 4; lastKnownFileType = sourcecode.cpp.h; path = NSData.hpp; sourceTree = "<group>"; };
		9687D9A02832363600FCA89C /* NSNumber.hpp */ = {isa = PBXFileReference; fileEncoding = 4; lastKnownFileType = sourcecode.cpp.h; path = NSNumber.hpp; sourceTree = "<group>"; };
		9687D9A12832363600FCA89C /* Foundation.hpp */ = {isa = PBXFileReference; fileEncoding = 4; lastKnownFileType = sourcecode.cpp.h; path = Foundation.hpp; sourceTree = "<group>"; };
		9687D9A22832363600FCA89C /* NSDate.hpp */ = {isa = PBXFileReference; fileEncoding = 4; lastKnownFileType = sourcecode.cpp.h; path = NSDate.hpp; sourceTree = "<group>"; };
		9687D9A32832363600FCA89C /* NSDefines.hpp */ = {isa = PBXFileReference; fileEncoding = 4; lastKnownFileType = sourcecode.cpp.h; path = NSDefines.hpp; sourceTree = "<group>"; };
		9687D9A42832363600FCA89C /* NSBundle.hpp */ = {isa = PBXFileReference; fileEncoding = 4; lastKnownFileType = sourcecode.cpp.h; path = NSBundle.hpp; sourceTree = "<group>"; };
		9687D9A52832363600FCA89C /* NSEnumerator.hpp */ = {isa = PBXFileReference; fileEncoding = 4; lastKnownFileType = sourcecode.cpp.h; path = NSEnumerator.hpp; sourceTree = "<group>"; };
		9687D9A62832363600FCA89C /* NSArray.hpp */ = {isa = PBXFileReference; fileEncoding = 4; lastKnownFileType = sourcecode.cpp.h; path = NSArray.hpp; sourceTree = "<group>"; };
		9687D9A72832363600FCA89C /* README.md */ = {isa = PBXFileReference; fileEncoding = 4; lastKnownFileType = net.daringfireball.markdown; path = README.md; sourceTree = "<group>"; };
		9687D9A92832363600FCA89C /* QuartzCore.hpp */ = {isa = PBXFileReference; fileEncoding = 4; lastKnownFileType = sourcecode.cpp.h; path = QuartzCore.hpp; sourceTree = "<group>"; };
		9687D9AA2832363600FCA89C /* CAPrivate.hpp */ = {isa = PBXFileReference; fileEncoding = 4; lastKnownFileType = sourcecode.cpp.h; path = CAPrivate.hpp; sourceTree = "<group>"; };
		9687D9AB2832363600FCA89C /* CAMetalDrawable.hpp */ = {isa = PBXFileReference; fileEncoding = 4; lastKnownFileType = sourcecode.cpp.h; path = CAMetalDrawable.hpp; sourceTree = "<group>"; };
		9687D9AC2832363600FCA89C /* CADefines.hpp */ = {isa = PBXFileReference; fileEncoding = 4; lastKnownFileType = sourcecode.cpp.h; path = CADefines.hpp; sourceTree = "<group>"; };
		9687D9AD2832363600FCA89C /* LICENSE.txt */ = {isa = PBXFileReference; fileEncoding = 4; lastKnownFileType = text; path = LICENSE.txt; sourceTree = "<group>"; };
		9687D9AF2832363600FCA89C /* MakeSingleHeader.py */ = {isa = PBXFileReference; fileEncoding = 4; lastKnownFileType = text.script.python; path = MakeSingleHeader.py; sourceTree = "<group>"; };
		9687D9B4283236AE00FCA89C /* Foundation.framework */ = {isa = PBXFileReference; lastKnownFileType = wrapper.framework; name = Foundation.framework; path = System/Library/Frameworks/Foundation.framework; sourceTree = SDKROOT; };
		9687D9B6283236C800FCA89C /* QuartzCore.framework */ = {isa = PBXFileReference; lastKnownFileType = wrapper.framework; name = QuartzCore.framework; path = System/Library/Frameworks/QuartzCore.framework; sourceTree = SDKROOT; };
		9687D9B8283236D200FCA89C /* Metal.framework */ = {isa = PBXFileReference; lastKnownFileType = wrapper.framework; name = Metal.framework; path = System/Library/Frameworks/Metal.framework; sourceTree = SDKROOT; };
		9687D9BB2832371900FCA89C /* MetalMain.cpp */ = {isa = PBXFileReference; lastKnownFileType = sourcecode.cpp.cpp; path = MetalMain.cpp; sourceTree = "<group>"; };
		9687D9BC2832371900FCA89C /* MetalMain.hpp */ = {isa = PBXFileReference; lastKnownFileType = sourcecode.cpp.h; path = MetalMain.hpp; sourceTree = "<group>"; };
		9687D9BE28323A0500FCA89C /* BasicFilter.cpp */ = {isa = PBXFileReference; lastKnownFileType = sourcecode.cpp.cpp; path = BasicFilter.cpp; sourceTree = "<group>"; };
		9687D9BF28323A0500FCA89C /* BasicFilter.hpp */ = {isa = PBXFileReference; lastKnownFileType = sourcecode.cpp.h; path = BasicFilter.hpp; sourceTree = "<group>"; };
/* End PBXFileReference section */

/* Begin PBXFrameworksBuildPhase section */
		9687D93C28322D9200FCA89C /* Frameworks */ = {
			isa = PBXFrameworksBuildPhase;
			buildActionMask = 2147483647;
			files = (
				9687D9BA283236F800FCA89C /* Foundation.framework in Frameworks */,
				9687D9B7283236C800FCA89C /* QuartzCore.framework in Frameworks */,
				9687D9B9283236D200FCA89C /* Metal.framework in Frameworks */,
			);
			runOnlyForDeploymentPostprocessing = 0;
		};
/* End PBXFrameworksBuildPhase section */

/* Begin PBXGroup section */
		9687D93628322D9200FCA89C = {
			isa = PBXGroup;
			children = (
				9687D94128322D9200FCA89C /* CGMetalC */,
				9687D94028322D9200FCA89C /* Products */,
				9687D9B3283236AE00FCA89C /* Frameworks */,
			);
			sourceTree = "<group>";
		};
		9687D94028322D9200FCA89C /* Products */ = {
			isa = PBXGroup;
			children = (
				9687D93F28322D9200FCA89C /* CGMetalC.app */,
			);
			name = Products;
			sourceTree = "<group>";
		};
		9687D94128322D9200FCA89C /* CGMetalC */ = {
			isa = PBXGroup;
			children = (
				9687D94228322D9200FCA89C /* AppDelegate.h */,
				9687D94328322D9200FCA89C /* AppDelegate.m */,
				9687D94528322D9200FCA89C /* ViewController.h */,
				9687D94628322D9200FCA89C /* ViewController.m */,
				9687D9552832362400FCA89C /* MetalCplus.h */,
				9687D9562832362400FCA89C /* MetalCplus.mm */,
				9687D9BB2832371900FCA89C /* MetalMain.cpp */,
				9687D9BC2832371900FCA89C /* MetalMain.hpp */,
				9687D9BE28323A0500FCA89C /* BasicFilter.cpp */,
				9687D9BF28323A0500FCA89C /* BasicFilter.hpp */,
				9687D9582832363600FCA89C /* metal-cpp */,
				9687D94828322D9300FCA89C /* Assets.xcassets */,
				9687D94A28322D9300FCA89C /* Main.storyboard */,
				9687D94D28322D9300FCA89C /* main.m */,
				9687D94F28322D9300FCA89C /* CGMetalC.entitlements */,
			);
			path = CGMetalC;
			sourceTree = "<group>";
		};
		9687D9582832363600FCA89C /* metal-cpp */ = {
			isa = PBXGroup;
			children = (
				9687D9592832363600FCA89C /* Metal */,
				9687D9912832363600FCA89C /* Foundation */,
				9687D9A72832363600FCA89C /* README.md */,
				9687D9A82832363600FCA89C /* QuartzCore */,
				9687D9AD2832363600FCA89C /* LICENSE.txt */,
				9687D9AE2832363600FCA89C /* SingleHeader */,
			);
			path = "metal-cpp";
			sourceTree = "<group>";
		};
		9687D9592832363600FCA89C /* Metal */ = {
			isa = PBXGroup;
			children = (
				9687D95A2832363600FCA89C /* MTLTypes.hpp */,
				9687D95B2832363600FCA89C /* MTLResourceStateCommandEncoder.hpp */,
				9687D95C2832363600FCA89C /* MTLIndirectCommandEncoder.hpp */,
				9687D95D2832363600FCA89C /* MTLComputePipeline.hpp */,
				9687D95E2832363600FCA89C /* MTLFunctionHandle.hpp */,
				9687D95F2832363600FCA89C /* MTLDrawable.hpp */,
				9687D9602832363600FCA89C /* MTLDynamicLibrary.hpp */,
				9687D9612832363600FCA89C /* MTLComputePass.hpp */,
				9687D9622832363600FCA89C /* MTLFunctionConstantValues.hpp */,
				9687D9632832363600FCA89C /* MTLPipeline.hpp */,
				9687D9642832363600FCA89C /* MTLRenderCommandEncoder.hpp */,
				9687D9652832363600FCA89C /* MTLBlitCommandEncoder.hpp */,
				9687D9662832363600FCA89C /* MTLCaptureManager.hpp */,
				9687D9672832363600FCA89C /* MTLCommandEncoder.hpp */,
				9687D9682832363600FCA89C /* Metal.hpp */,
				9687D9692832363600FCA89C /* MTLStageInputOutputDescriptor.hpp */,
				9687D96A2832363600FCA89C /* MTLAccelerationStructureTypes.hpp */,
				9687D96B2832363600FCA89C /* MTLParallelRenderCommandEncoder.hpp */,
				9687D96C2832363600FCA89C /* MTLRasterizationRate.hpp */,
				9687D96D2832363600FCA89C /* MTLLinkedFunctions.hpp */,
				9687D96E2832363600FCA89C /* MTLTexture.hpp */,
				9687D96F2832363600FCA89C /* MTLSampler.hpp */,
				9687D9702832363600FCA89C /* MTLDepthStencil.hpp */,
				9687D9712832363600FCA89C /* MTLArgumentEncoder.hpp */,
				9687D9722832363600FCA89C /* MTLIntersectionFunctionTable.hpp */,
				9687D9732832363600FCA89C /* MTLVisibleFunctionTable.hpp */,
				9687D9742832363600FCA89C /* MTLPrivate.hpp */,
				9687D9752832363600FCA89C /* MTLResource.hpp */,
				9687D9762832363600FCA89C /* MTLAccelerationStructure.hpp */,
				9687D9772832363600FCA89C /* MTLDevice.hpp */,
				9687D9782832363600FCA89C /* MTLArgument.hpp */,
				9687D9792832363600FCA89C /* MTLFunctionLog.hpp */,
				9687D97A2832363600FCA89C /* MTLBuffer.hpp */,
				9687D97B2832363600FCA89C /* MTLRenderPass.hpp */,
				9687D97C2832363600FCA89C /* MTLHeap.hpp */,
				9687D97D2832363600FCA89C /* MTLVertexDescriptor.hpp */,
				9687D97E2832363600FCA89C /* MTLFunctionStitching.hpp */,
				9687D97F2832363600FCA89C /* MTLLibrary.hpp */,
				9687D9802832363600FCA89C /* MTLPixelFormat.hpp */,
				9687D9812832363600FCA89C /* MTLFence.hpp */,
				9687D9822832363600FCA89C /* MTLIndirectCommandBuffer.hpp */,
				9687D9832832363600FCA89C /* MTLRenderPipeline.hpp */,
				9687D9842832363600FCA89C /* MTLCommandQueue.hpp */,
				9687D9852832363600FCA89C /* MTLFunctionDescriptor.hpp */,
				9687D9862832363600FCA89C /* MTLAccelerationStructureCommandEncoder.hpp */,
				9687D9872832363600FCA89C /* MTLBlitPass.hpp */,
				9687D9882832363600FCA89C /* MTLEvent.hpp */,
				9687D9892832363600FCA89C /* MTLBinaryArchive.hpp */,
				9687D98A2832363600FCA89C /* MTLCaptureScope.hpp */,
				9687D98B2832363600FCA89C /* MTLComputeCommandEncoder.hpp */,
				9687D98C2832363600FCA89C /* MTLHeaderBridge.hpp */,
				9687D98D2832363600FCA89C /* MTLCounters.hpp */,
				9687D98E2832363600FCA89C /* MTLDefines.hpp */,
				9687D98F2832363600FCA89C /* MTLResourceStatePass.hpp */,
				9687D9902832363600FCA89C /* MTLCommandBuffer.hpp */,
			);
			path = Metal;
			sourceTree = "<group>";
		};
		9687D9912832363600FCA89C /* Foundation */ = {
			isa = PBXGroup;
			children = (
				9687D9922832363600FCA89C /* NSString.hpp */,
				9687D9932832363600FCA89C /* NSDictionary.hpp */,
				9687D9942832363600FCA89C /* NSLock.hpp */,
				9687D9952832363600FCA89C /* NSProcessInfo.hpp */,
				9687D9962832363600FCA89C /* NSError.hpp */,
				9687D9972832363600FCA89C /* NSObjCRuntime.hpp */,
				9687D9982832363600FCA89C /* NSObject.hpp */,
				9687D9992832363600FCA89C /* NSNotification.hpp */,
				9687D99A2832363600FCA89C /* NSPrivate.hpp */,
				9687D99B2832363600FCA89C /* NSURL.hpp */,
				9687D99C2832363600FCA89C /* NSAutoreleasePool.hpp */,
				9687D99D2832363600FCA89C /* NSRange.hpp */,
				9687D99E2832363600FCA89C /* NSTypes.hpp */,
				9687D99F2832363600FCA89C /* NSData.hpp */,
				9687D9A02832363600FCA89C /* NSNumber.hpp */,
				9687D9A12832363600FCA89C /* Foundation.hpp */,
				9687D9A22832363600FCA89C /* NSDate.hpp */,
				9687D9A32832363600FCA89C /* NSDefines.hpp */,
				9687D9A42832363600FCA89C /* NSBundle.hpp */,
				9687D9A52832363600FCA89C /* NSEnumerator.hpp */,
				9687D9A62832363600FCA89C /* NSArray.hpp */,
			);
			path = Foundation;
			sourceTree = "<group>";
		};
		9687D9A82832363600FCA89C /* QuartzCore */ = {
			isa = PBXGroup;
			children = (
				9687D9A92832363600FCA89C /* QuartzCore.hpp */,
				9687D9AA2832363600FCA89C /* CAPrivate.hpp */,
				9687D9AB2832363600FCA89C /* CAMetalDrawable.hpp */,
				9687D9AC2832363600FCA89C /* CADefines.hpp */,
			);
			path = QuartzCore;
			sourceTree = "<group>";
		};
		9687D9AE2832363600FCA89C /* SingleHeader */ = {
			isa = PBXGroup;
			children = (
				9687D9AF2832363600FCA89C /* MakeSingleHeader.py */,
			);
			path = SingleHeader;
			sourceTree = "<group>";
		};
		9687D9B3283236AE00FCA89C /* Frameworks */ = {
			isa = PBXGroup;
			children = (
				9687D9B8283236D200FCA89C /* Metal.framework */,
				9687D9B6283236C800FCA89C /* QuartzCore.framework */,
				9687D9B4283236AE00FCA89C /* Foundation.framework */,
			);
			name = Frameworks;
			sourceTree = "<group>";
		};
/* End PBXGroup section */

/* Begin PBXNativeTarget section */
		9687D93E28322D9200FCA89C /* CGMetalC */ = {
			isa = PBXNativeTarget;
			buildConfigurationList = 9687D95228322D9300FCA89C /* Build configuration list for PBXNativeTarget "CGMetalC" */;
			buildPhases = (
				9687D93B28322D9200FCA89C /* Sources */,
				9687D93C28322D9200FCA89C /* Frameworks */,
				9687D93D28322D9200FCA89C /* Resources */,
			);
			buildRules = (
			);
			dependencies = (
			);
			name = CGMetalC;
			productName = CGMetalC;
			productReference = 9687D93F28322D9200FCA89C /* CGMetalC.app */;
			productType = "com.apple.product-type.application";
		};
/* End PBXNativeTarget section */

/* Begin PBXProject section */
		9687D93728322D9200FCA89C /* Project object */ = {
			isa = PBXProject;
			attributes = {
				BuildIndependentTargetsInParallel = 1;
				LastUpgradeCheck = 1330;
				TargetAttributes = {
					9687D93E28322D9200FCA89C = {
						CreatedOnToolsVersion = 13.3.1;
					};
				};
			};
			buildConfigurationList = 9687D93A28322D9200FCA89C /* Build configuration list for PBXProject "CGMetalC" */;
			compatibilityVersion = "Xcode 13.0";
			developmentRegion = en;
			hasScannedForEncodings = 0;
			knownRegions = (
				en,
				Base,
			);
			mainGroup = 9687D93628322D9200FCA89C;
			productRefGroup = 9687D94028322D9200FCA89C /* Products */;
			projectDirPath = "";
			projectRoot = "";
			targets = (
				9687D93E28322D9200FCA89C /* CGMetalC */,
			);
		};
/* End PBXProject section */

/* Begin PBXResourcesBuildPhase section */
		9687D93D28322D9200FCA89C /* Resources */ = {
			isa = PBXResourcesBuildPhase;
			buildActionMask = 2147483647;
			files = (
				9687D9B12832363600FCA89C /* LICENSE.txt in Resources */,
				9687D9B02832363600FCA89C /* README.md in Resources */,
				9687D94928322D9300FCA89C /* Assets.xcassets in Resources */,
				9687D94C28322D9300FCA89C /* Main.storyboard in Resources */,
				9687D9B22832363600FCA89C /* MakeSingleHeader.py in Resources */,
			);
			runOnlyForDeploymentPostprocessing = 0;
		};
/* End PBXResourcesBuildPhase section */

/* Begin PBXSourcesBuildPhase section */
		9687D93B28322D9200FCA89C /* Sources */ = {
			isa = PBXSourcesBuildPhase;
			buildActionMask = 2147483647;
			files = (
				9687D9C028323A0500FCA89C /* BasicFilter.cpp in Sources */,
				9687D94728322D9200FCA89C /* ViewController.m in Sources */,
				9687D9572832362400FCA89C /* MetalCplus.mm in Sources */,
				9687D9BD2832371900FCA89C /* MetalMain.cpp in Sources */,
				9687D94E28322D9300FCA89C /* main.m in Sources */,
				9687D94428322D9200FCA89C /* AppDelegate.m in Sources */,
			);
			runOnlyForDeploymentPostprocessing = 0;
		};
/* End PBXSourcesBuildPhase section */

/* Begin PBXVariantGroup section */
		9687D94A28322D9300FCA89C /* Main.storyboard */ = {
			isa = PBXVariantGroup;
			children = (
				9687D94B28322D9300FCA89C /* Base */,
			);
			name = Main.storyboard;
			sourceTree = "<group>";
		};
/* End PBXVariantGroup section */

/* Begin XCBuildConfiguration section */
		9687D95028322D9300FCA89C /* Debug */ = {
			isa = XCBuildConfiguration;
			buildSettings = {
				ALWAYS_SEARCH_USER_PATHS = NO;
				CLANG_ANALYZER_NONNULL = YES;
				CLANG_ANALYZER_NUMBER_OBJECT_CONVERSION = YES_AGGRESSIVE;
				CLANG_CXX_LANGUAGE_STANDARD = "gnu++17";
				CLANG_ENABLE_MODULES = YES;
				CLANG_ENABLE_OBJC_ARC = YES;
				CLANG_ENABLE_OBJC_WEAK = YES;
				CLANG_WARN_BLOCK_CAPTURE_AUTORELEASING = YES;
				CLANG_WARN_BOOL_CONVERSION = YES;
				CLANG_WARN_COMMA = YES;
				CLANG_WARN_CONSTANT_CONVERSION = YES;
				CLANG_WARN_DEPRECATED_OBJC_IMPLEMENTATIONS = YES;
				CLANG_WARN_DIRECT_OBJC_ISA_USAGE = YES_ERROR;
				CLANG_WARN_DOCUMENTATION_COMMENTS = YES;
				CLANG_WARN_EMPTY_BODY = YES;
				CLANG_WARN_ENUM_CONVERSION = YES;
				CLANG_WARN_INFINITE_RECURSION = YES;
				CLANG_WARN_INT_CONVERSION = YES;
				CLANG_WARN_NON_LITERAL_NULL_CONVERSION = YES;
				CLANG_WARN_OBJC_IMPLICIT_RETAIN_SELF = YES;
				CLANG_WARN_OBJC_LITERAL_CONVERSION = YES;
				CLANG_WARN_OBJC_ROOT_CLASS = YES_ERROR;
				CLANG_WARN_QUOTED_INCLUDE_IN_FRAMEWORK_HEADER = YES;
				CLANG_WARN_RANGE_LOOP_ANALYSIS = YES;
				CLANG_WARN_STRICT_PROTOTYPES = YES;
				CLANG_WARN_SUSPICIOUS_MOVE = YES;
				CLANG_WARN_UNGUARDED_AVAILABILITY = YES_AGGRESSIVE;
				CLANG_WARN_UNREACHABLE_CODE = YES;
				CLANG_WARN__DUPLICATE_METHOD_MATCH = YES;
				COPY_PHASE_STRIP = NO;
				DEBUG_INFORMATION_FORMAT = dwarf;
				ENABLE_STRICT_OBJC_MSGSEND = YES;
				ENABLE_TESTABILITY = YES;
				GCC_C_LANGUAGE_STANDARD = gnu11;
				GCC_DYNAMIC_NO_PIC = NO;
				GCC_NO_COMMON_BLOCKS = YES;
				GCC_OPTIMIZATION_LEVEL = 0;
				GCC_PREPROCESSOR_DEFINITIONS = (
					"DEBUG=1",
					"$(inherited)",
				);
				GCC_WARN_64_TO_32_BIT_CONVERSION = YES;
				GCC_WARN_ABOUT_RETURN_TYPE = YES_ERROR;
				GCC_WARN_UNDECLARED_SELECTOR = YES;
				GCC_WARN_UNINITIALIZED_AUTOS = YES_AGGRESSIVE;
				GCC_WARN_UNUSED_FUNCTION = YES;
				GCC_WARN_UNUSED_VARIABLE = YES;
				MACOSX_DEPLOYMENT_TARGET = 12.3;
				MTL_ENABLE_DEBUG_INFO = INCLUDE_SOURCE;
				MTL_FAST_MATH = YES;
				ONLY_ACTIVE_ARCH = YES;
				SDKROOT = macosx;
			};
			name = Debug;
		};
		9687D95128322D9300FCA89C /* Release */ = {
			isa = XCBuildConfiguration;
			buildSettings = {
				ALWAYS_SEARCH_USER_PATHS = NO;
				CLANG_ANALYZER_NONNULL = YES;
				CLANG_ANALYZER_NUMBER_OBJECT_CONVERSION = YES_AGGRESSIVE;
				CLANG_CXX_LANGUAGE_STANDARD = "gnu++17";
				CLANG_ENABLE_MODULES = YES;
				CLANG_ENABLE_OBJC_ARC = YES;
				CLANG_ENABLE_OBJC_WEAK = YES;
				CLANG_WARN_BLOCK_CAPTURE_AUTORELEASING = YES;
				CLANG_WARN_BOOL_CONVERSION = YES;
				CLANG_WARN_COMMA = YES;
				CLANG_WARN_CONSTANT_CONVERSION = YES;
				CLANG_WARN_DEPRECATED_OBJC_IMPLEMENTATIONS = YES;
				CLANG_WARN_DIRECT_OBJC_ISA_USAGE = YES_ERROR;
				CLANG_WARN_DOCUMENTATION_COMMENTS = YES;
				CLANG_WARN_EMPTY_BODY = YES;
				CLANG_WARN_ENUM_CONVERSION = YES;
				CLANG_WARN_INFINITE_RECURSION = YES;
				CLANG_WARN_INT_CONVERSION = YES;
				CLANG_WARN_NON_LITERAL_NULL_CONVERSION = YES;
				CLANG_WARN_OBJC_IMPLICIT_RETAIN_SELF = YES;
				CLANG_WARN_OBJC_LITERAL_CONVERSION = YES;
				CLANG_WARN_OBJC_ROOT_CLASS = YES_ERROR;
				CLANG_WARN_QUOTED_INCLUDE_IN_FRAMEWORK_HEADER = YES;
				CLANG_WARN_RANGE_LOOP_ANALYSIS = YES;
				CLANG_WARN_STRICT_PROTOTYPES = YES;
				CLANG_WARN_SUSPICIOUS_MOVE = YES;
				CLANG_WARN_UNGUARDED_AVAILABILITY = YES_AGGRESSIVE;
				CLANG_WARN_UNREACHABLE_CODE = YES;
				CLANG_WARN__DUPLICATE_METHOD_MATCH = YES;
				COPY_PHASE_STRIP = NO;
				DEBUG_INFORMATION_FORMAT = "dwarf-with-dsym";
				ENABLE_NS_ASSERTIONS = NO;
				ENABLE_STRICT_OBJC_MSGSEND = YES;
				GCC_C_LANGUAGE_STANDARD = gnu11;
				GCC_NO_COMMON_BLOCKS = YES;
				GCC_WARN_64_TO_32_BIT_CONVERSION = YES;
				GCC_WARN_ABOUT_RETURN_TYPE = YES_ERROR;
				GCC_WARN_UNDECLARED_SELECTOR = YES;
				GCC_WARN_UNINITIALIZED_AUTOS = YES_AGGRESSIVE;
				GCC_WARN_UNUSED_FUNCTION = YES;
				GCC_WARN_UNUSED_VARIABLE = YES;
				MACOSX_DEPLOYMENT_TARGET = 12.3;
				MTL_ENABLE_DEBUG_INFO = NO;
				MTL_FAST_MATH = YES;
				SDKROOT = macosx;
			};
			name = Release;
		};
		9687D95328322D9300FCA89C /* Debug */ = {
			isa = XCBuildConfiguration;
			buildSettings = {
				ASSETCATALOG_COMPILER_APPICON_NAME = AppIcon;
				ASSETCATALOG_COMPILER_GLOBAL_ACCENT_COLOR_NAME = AccentColor;
				CODE_SIGN_ENTITLEMENTS = CGMetalC/CGMetalC.entitlements;
				CODE_SIGN_STYLE = Automatic;
				COMBINE_HIDPI_IMAGES = YES;
				CURRENT_PROJECT_VERSION = 1;
				GENERATE_INFOPLIST_FILE = YES;
				HEADER_SEARCH_PATHS = "\"$(SRCROOT)/CGMetalC/metal-cpp\"";
				INFOPLIST_KEY_NSHumanReadableCopyright = "";
				INFOPLIST_KEY_NSMainStoryboardFile = Main;
				INFOPLIST_KEY_NSPrincipalClass = NSApplication;
				LD_RUNPATH_SEARCH_PATHS = (
					"$(inherited)",
					"@executable_path/../Frameworks",
				);
				MARKETING_VERSION = 1.0;
				PRODUCT_BUNDLE_IDENTIFIER = com.jason.CGMetalC;
				PRODUCT_NAME = "$(TARGET_NAME)";
				SWIFT_EMIT_LOC_STRINGS = YES;
			};
			name = Debug;
		};
		9687D95428322D9300FCA89C /* Release */ = {
			isa = XCBuildConfiguration;
			buildSettings = {
				ASSETCATALOG_COMPILER_APPICON_NAME = AppIcon;
				ASSETCATALOG_COMPILER_GLOBAL_ACCENT_COLOR_NAME = AccentColor;
				CODE_SIGN_ENTITLEMENTS = CGMetalC/CGMetalC.entitlements;
				CODE_SIGN_STYLE = Automatic;
				COMBINE_HIDPI_IMAGES = YES;
				CURRENT_PROJECT_VERSION = 1;
				GENERATE_INFOPLIST_FILE = YES;
				HEADER_SEARCH_PATHS = "\"$(SRCROOT)/CGMetalC/metal-cpp\"";
				INFOPLIST_KEY_NSHumanReadableCopyright = "";
				INFOPLIST_KEY_NSMainStoryboardFile = Main;
				INFOPLIST_KEY_NSPrincipalClass = NSApplication;
				LD_RUNPATH_SEARCH_PATHS = (
					"$(inherited)",
					"@executable_path/../Frameworks",
				);
				MARKETING_VERSION = 1.0;
				PRODUCT_BUNDLE_IDENTIFIER = com.jason.CGMetalC;
				PRODUCT_NAME = "$(TARGET_NAME)";
				SWIFT_EMIT_LOC_STRINGS = YES;
			};
			name = Release;
		};
/* End XCBuildConfiguration section */

/* Begin XCConfigurationList section */
		9687D93A28322D9200FCA89C /* Build configuration list for PBXProject "CGMetalC" */ = {
			isa = XCConfigurationList;
			buildConfigurations = (
				9687D95028322D9300FCA89C /* Debug */,
				9687D95128322D9300FCA89C /* Release */,
			);
			defaultConfigurationIsVisible = 0;
			defaultConfigurationName = Release;
		};
		9687D95228322D9300FCA89C /* Build configuration list for PBXNativeTarget "CGMetalC" */ = {
			isa = XCConfigurationList;
			buildConfigurations = (
				9687D95328322D9300FCA89C /* Debug */,
				9687D95428322D9300FCA89C /* Release */,
			);
			defaultConfigurationIsVisible = 0;
			defaultConfigurationName = Release;
		};
/* End XCConfigurationList section */
	};
	rootObject = 9687D93728322D9200FCA89C /* Project object */;
}
